
Microsoft Visual Studio Solution File, Format Version 12.00
# Visual Studio Version 17
VisualStudioVersion = 17.2.32630.192
MinimumVisualStudioVersion = 10.0.40219.1
Project("{FAE04EC0-301F-11D3-BF4B-00C04F79EFBC}") = "API Load Test", "API Load Test.csproj", "{32039D58-E586-49FB-9081-314CB9588A19}"
EndProject
Global
	GlobalSection(SolutionConfigurationPlatforms) = preSolution
		Debug|Any CPU = Debug|Any CPU
		Release|Any CPU = Release|Any CPU
	EndGlobalSection
	GlobalSection(ProjectConfigurationPlatforms) = postSolution
		{32039D58-E586-49FB-9081-314CB9588A19}.Debug|Any CPU.ActiveCfg = Debug|Any CPU
		{32039D58-E586-49FB-9081-314CB9588A19}.Debug|Any CPU.Build.0 = Debug|Any CPU
		{32039D58-E586-49FB-9081-314CB9588A19}.Release|Any CPU.ActiveCfg = Release|Any CPU
		{32039D58-E586-49FB-9081-314CB9588A19}.Release|Any CPU.Build.0 = Release|Any CPU
	EndGlobalSection
	GlobalSection(SolutionProperties) = preSolution
		HideSolutionNode = FALSE
	EndGlobalSection
	GlobalSection(ExtensibilityGlobals) = postSolution
		SolutionGuid = {D02291D7-381A-4623-BCCF-20CC6EA55C5A}
	EndGlobalSection
EndGlobal
